
Microsoft Visual Studio Solution File, Format Version 12.00
# Visual Studio Version 17
VisualStudioVersion = 17.2.32210.308
MinimumVisualStudioVersion = 10.0.40219.1
Project("{FAE04EC0-301F-11D3-BF4B-00C04F79EFBC}") = "XFormsTemplates", "XFormsTemplates\XFormsTemplates.csproj", "{FBA856CD-61CF-47A3-8F97-756843779ED6}"
EndProject
Global
	GlobalSection(SolutionConfigurationPlatforms) = preSolution
		Debug|Any CPU = Debug|Any CPU
		Debug|x86 = Debug|x86
		Release|Any CPU = Release|Any CPU
		Release|x86 = Release|x86
	EndGlobalSection
	GlobalSection(ProjectConfigurationPlatforms) = postSolution
		{FBA856CD-61CF-47A3-8F97-756843779ED6}.Debug|Any CPU.ActiveCfg = Debug|Any CPU
		{FBA856CD-61CF-47A3-8F97-756843779ED6}.Debug|Any CPU.Build.0 = Debug|Any CPU
		{FBA856CD-61CF-47A3-8F97-756843779ED6}.Debug|x86.ActiveCfg = Debug|x86
		{FBA856CD-61CF-47A3-8F97-756843779ED6}.Debug|x86.Build.0 = Debug|x86
		{FBA856CD-61CF-47A3-8F97-756843779ED6}.Release|Any CPU.ActiveCfg = Release|Any CPU
		{FBA856CD-61CF-47A3-8F97-756843779ED6}.Release|Any CPU.Build.0 = Release|Any CPU
		{FBA856CD-61CF-47A3-8F97-756843779ED6}.Release|x86.ActiveCfg = Release|x86
		{FBA856CD-61CF-47A3-8F97-756843779ED6}.Release|x86.Build.0 = Release|x86
	EndGlobalSection
	GlobalSection(SolutionProperties) = preSolution
		HideSolutionNode = FALSE
	EndGlobalSection
	GlobalSection(ExtensibilityGlobals) = postSolution
		SolutionGuid = {F22699EA-F23E-4541-BC95-067F10E4AD7D}
	EndGlobalSection
EndGlobal
